# This file was autogenerated by uv via the following command:
#    uv pip compile --universal backend/requirements.txt backend/requirements-dev.txt -o backend/requirements.lock
aiohappyeyeballs==2.6.2 ; platform_machine == 'arm64' and sys_platform == 'darwin'
    # via aiohttp
aiohttp==3.14.0 ; platform_machine == 'arm64' and sys_platform == 'darwin'
    # via fsspec
aiosignal==1.4.0 ; platform_machine == 'arm64' and sys_platform == 'darwin'
    # via aiohttp
annotated-doc==0.0.4
    # via
    #   fastapi
    #   typer
annotated-types==0.7.0
    # via pydantic
anyio==4.13.0
    # via
    #   -r backend/requirements-dev.txt
    #   httpx
    #   starlette
    #   watchfiles
attrs==26.1.0 ; platform_machine == 'arm64' and sys_platform == 'darwin'
    # via aiohttp
certifi==2026.5.20
    # via
    #   httpcore
    #   httpx
    #   requests
cffi==2.0.0 ; platform_machine == 'arm64' and sys_platform == 'darwin'
    # via
    #   miniaudio
    #   sounddevice
charset-normalizer==3.4.7
    # via requests
click==8.4.1
    # via
    #   huggingface-hub
    #   typer
    #   uvicorn
colorama==0.4.6 ; sys_platform == 'win32'
    # via
    #   click
    #   pytest
    #   tqdm
    #   uvicorn
datasets==4.8.5 ; platform_machine == 'arm64' and sys_platform == 'darwin'
    # via mlx-vlm
defusedxml==0.7.1
    # via youtube-transcript-api
dill==0.4.1 ; platform_machine == 'arm64' and sys_platform == 'darwin'
    # via
    #   datasets
    #   multiprocess
fastapi==0.136.3
    # via
    #   -r backend/requirements.txt
    #   mlx-vlm
ffmpeg-python==0.2.0
    # via -r backend/requirements.txt
filelock==3.29.0 ; platform_machine == 'arm64' and sys_platform == 'darwin'
    # via
    #   datasets
    #   huggingface-hub
frozenlist==1.8.0 ; platform_machine == 'arm64' and sys_platform == 'darwin'
    # via
    #   aiohttp
    #   aiosignal
fsspec==2026.2.0 ; platform_machine == 'arm64' and sys_platform == 'darwin'
    # via
    #   datasets
    #   huggingface-hub
future==1.0.0
    # via ffmpeg-python
h11==0.16.0
    # via
    #   httpcore
    #   uvicorn
hf-xet==1.5.0 ; platform_machine == 'arm64' and sys_platform == 'darwin'
    # via huggingface-hub
httpcore==1.0.9
    # via httpx
httptools==0.8.0
    # via uvicorn
httpx==0.28.1
    # via
    #   -r backend/requirements-dev.txt
    #   datasets
    #   huggingface-hub
huggingface-hub==1.17.0 ; platform_machine == 'arm64' and sys_platform == 'darwin'
    # via
    #   datasets
    #   mlx-audio
    #   tokenizers
    #   transformers
idna==3.17
    # via
    #   anyio
    #   httpx
    #   requests
    #   yarl
imagehash==4.3.2
    # via -r backend/requirements.txt
iniconfig==2.3.0
    # via pytest
jinja2==3.1.6 ; platform_machine == 'arm64' and sys_platform == 'darwin'
    # via mlx-lm
llguidance==1.7.5 ; platform_machine == 'arm64' and sys_platform == 'darwin'
    # via mlx-vlm
markdown-it-py==4.2.0 ; platform_machine == 'arm64' and sys_platform == 'darwin'
    # via rich
markupsafe==3.0.3 ; platform_machine == 'arm64' and sys_platform == 'darwin'
    # via jinja2
mdurl==0.1.2 ; platform_machine == 'arm64' and sys_platform == 'darwin'
    # via markdown-it-py
miniaudio==1.71 ; platform_machine == 'arm64' and sys_platform == 'darwin'
    # via
    #   mlx-audio
    #   mlx-vlm
mlx==0.31.2 ; platform_machine == 'arm64' and sys_platform == 'darwin'
    # via
    #   mlx-audio
    #   mlx-lm
    #   mlx-vlm
mlx-audio==0.4.3 ; platform_machine == 'arm64' and sys_platform == 'darwin'
    # via mlx-vlm
mlx-lm==0.31.3 ; platform_machine == 'arm64' and sys_platform == 'darwin'
    # via
    #   mlx-audio
    #   mlx-vlm
mlx-metal==0.31.2 ; platform_machine == 'arm64' and sys_platform == 'darwin'
    # via mlx
mlx-vlm==0.6.0 ; platform_machine == 'arm64' and sys_platform == 'darwin'
    # via -r backend/requirements.txt
multidict==6.7.1 ; platform_machine == 'arm64' and sys_platform == 'darwin'
    # via
    #   aiohttp
    #   yarl
multiprocess==0.70.19 ; platform_machine == 'arm64' and sys_platform == 'darwin'
    # via datasets
numpy==2.4.6
    # via
    #   datasets
    #   imagehash
    #   mlx-audio
    #   mlx-lm
    #   mlx-vlm
    #   opencv-python
    #   pandas
    #   pywavelets
    #   scipy
    #   transformers
opencv-python==4.13.0.92 ; platform_machine == 'arm64' and sys_platform == 'darwin'
    # via mlx-vlm
packaging==26.2
    # via
    #   datasets
    #   huggingface-hub
    #   pytest
    #   transformers
pandas==3.0.3 ; platform_machine == 'arm64' and sys_platform == 'darwin'
    # via datasets
pillow==12.2.0
    # via
    #   -r backend/requirements.txt
    #   imagehash
    #   mlx-vlm
pluggy==1.6.0
    # via pytest
propcache==0.5.2 ; platform_machine == 'arm64' and sys_platform == 'darwin'
    # via
    #   aiohttp
    #   yarl
protobuf==7.35.0 ; platform_machine == 'arm64' and sys_platform == 'darwin'
    # via mlx-lm
pyarrow==24.0.0 ; platform_machine == 'arm64' and sys_platform == 'darwin'
    # via datasets
pycparser==3.0 ; implementation_name != 'PyPy' and platform_machine == 'arm64' and sys_platform == 'darwin'
    # via cffi
pydantic==2.13.4
    # via
    #   -r backend/requirements.txt
    #   fastapi
pydantic-core==2.46.4
    # via pydantic
pygments==2.20.0
    # via
    #   pytest
    #   rich
pytest==9.0.3
    # via
    #   -r backend/requirements-dev.txt
    #   pytest-asyncio
pytest-asyncio==1.4.0
    # via -r backend/requirements-dev.txt
python-dateutil==2.9.0.post0 ; platform_machine == 'arm64' and sys_platform == 'darwin'
    # via pandas
python-dotenv==1.2.2
    # via
    #   -r backend/requirements.txt
    #   uvicorn
python-multipart==0.0.30
    # via -r backend/requirements.txt
pywavelets==1.9.0
    # via imagehash
pyyaml==6.0.3
    # via
    #   datasets
    #   huggingface-hub
    #   mlx-lm
    #   transformers
    #   uvicorn
regex==2026.5.9 ; platform_machine == 'arm64' and sys_platform == 'darwin'
    # via transformers
requests==2.34.2
    # via
    #   datasets
    #   mlx-vlm
    #   youtube-transcript-api
rich==15.0.0 ; platform_machine == 'arm64' and sys_platform == 'darwin'
    # via typer
ruff==0.15.15
    # via -r backend/requirements-dev.txt
safetensors==0.7.0 ; platform_machine == 'arm64' and sys_platform == 'darwin'
    # via transformers
scipy==1.17.1
    # via
    #   imagehash
    #   mlx-audio
sentencepiece==0.2.1 ; platform_machine == 'arm64' and sys_platform == 'darwin'
    # via mlx-lm
shellingham==1.5.4 ; platform_machine == 'arm64' and sys_platform == 'darwin'
    # via typer
six==1.17.0 ; platform_machine == 'arm64' and sys_platform == 'darwin'
    # via python-dateutil
sounddevice==0.5.5 ; platform_machine == 'arm64' and sys_platform == 'darwin'
    # via mlx-audio
starlette==1.2.1
    # via
    #   fastapi
    #   mlx-vlm
tokenizers==0.22.2 ; platform_machine == 'arm64' and sys_platform == 'darwin'
    # via transformers
tqdm==4.67.3 ; platform_machine == 'arm64' and sys_platform == 'darwin'
    # via
    #   datasets
    #   huggingface-hub
    #   mlx-audio
    #   mlx-vlm
    #   transformers
transformers==5.9.0 ; platform_machine == 'arm64' and sys_platform == 'darwin'
    # via
    #   mlx-audio
    #   mlx-lm
    #   mlx-vlm
typer==0.25.1 ; platform_machine == 'arm64' and sys_platform == 'darwin'
    # via
    #   huggingface-hub
    #   transformers
typing-extensions==4.15.0
    # via
    #   fastapi
    #   huggingface-hub
    #   pydantic
    #   pydantic-core
    #   typing-inspection
typing-inspection==0.4.2
    # via
    #   fastapi
    #   pydantic
urllib3==2.7.0
    # via requests
uvicorn==0.48.0
    # via
    #   -r backend/requirements.txt
    #   mlx-vlm
uvloop==0.22.1 ; platform_python_implementation != 'PyPy' and sys_platform != 'cygwin' and sys_platform != 'win32'
    # via uvicorn
watchfiles==1.2.0
    # via uvicorn
websockets==16.0
    # via uvicorn
xxhash==3.7.0 ; platform_machine == 'arm64' and sys_platform == 'darwin'
    # via datasets
yarl==1.24.2 ; platform_machine == 'arm64' and sys_platform == 'darwin'
    # via aiohttp
youtube-transcript-api==1.2.4
    # via -r backend/requirements.txt
yt-dlp==2026.3.17
    # via -r backend/requirements.txt
